
Microsoft Visual Studio Solution File, Format Version 12.00
# Visual Studio 15
VisualStudioVersion = 15.0.28010.2036
MinimumVisualStudioVersion = 10.0.40219.1
Project("{8BC9CEB8-8B4A-11D0-8D11-00A0C91BC942}") = "ConsoleGraphics", "ConsoleGraphics\ConsoleGraphics.vcxproj", "{C1FDC0E6-E573-495B-8718-CACA87D188FC}"
EndProject
Global
	GlobalSection(SolutionConfigurationPlatforms) = preSolution
		Debug|x64 = Debug|x64
		Debug|x86 = Debug|x86
		Release|x64 = Release|x64
		Release|x86 = Release|x86
	EndGlobalSection
	GlobalSection(ProjectConfigurationPlatforms) = postSolution
		{C1FDC0E6-E573-495B-8718-CACA87D188FC}.Debug|x64.ActiveCfg = Debug|x64
		{C1FDC0E6-E573-495B-8718-CACA87D188FC}.Debug|x64.Build.0 = Debug|x64
		{C1FDC0E6-E573-495B-8718-CACA87D188FC}.Debug|x86.ActiveCfg = Debug|Win32
		{C1FDC0E6-E573-495B-8718-CACA87D188FC}.Debug|x86.Build.0 = Debug|Win32
		{C1FDC0E6-E573-495B-8718-CACA87D188FC}.Release|x64.ActiveCfg = Release|x64
		{C1FDC0E6-E573-495B-8718-CACA87D188FC}.Release|x64.Build.0 = Release|x64
		{C1FDC0E6-E573-495B-8718-CACA87D188FC}.Release|x86.ActiveCfg = Release|Win32
		{C1FDC0E6-E573-495B-8718-CACA87D188FC}.Release|x86.Build.0 = Release|Win32
	EndGlobalSection
	GlobalSection(SolutionProperties) = preSolution
		HideSolutionNode = FALSE
	EndGlobalSection
	GlobalSection(ExtensibilityGlobals) = postSolution
		SolutionGuid = {16D51E3C-B0CE-4A0B-ABDF-03014C7BD616}
	EndGlobalSection
EndGlobal
