<?xml version="1.0" encoding="utf-8"?>
<Project ToolsVersion="4.0" xmlns="http://schemas.microsoft.com/developer/msbuild/2003">
  <ItemGroup>
    <Filter Include="Source Files">
      <UniqueIdentifier>{4FC737F1-C7A5-4376-A066-2A32D752A2FF}</UniqueIdentifier>
      <Extensions>cpp;c;cc;cxx;def;odl;idl;hpj;bat;asm;asmx</Extensions>
    </Filter>
    <Filter Include="Header Files">
      <UniqueIdentifier>{93995380-89BD-4b04-88EB-625FBE52EBFB}</UniqueIdentifier>
      <Extensions>h;hh;hpp;hxx;hm;inl;inc;ipp;xsd</Extensions>
    </Filter>
    <Filter Include="Resource Files">
      <UniqueIdentifier>{67DA6AB6-F800-4c08-8B7A-83BB121AAD01}</UniqueIdentifier>
      <Extensions>rc;ico;cur;bmp;dlg;rc2;rct;bin;rgs;gif;jpg;jpeg;jpe;resx;tiff;tif;png;wav;mfcribbon-ms</Extensions>
    </Filter>
    <Filter Include="Header Files\animations">
      <UniqueIdentifier>{7c62982b-931a-48e1-ac02-e119653ffaf3}</UniqueIdentifier>
    </Filter>
    <Filter Include="Header Files\rendering">
      <UniqueIdentifier>{6e952f88-37c5-4987-a706-3828cabb4608}</UniqueIdentifier>
    </Filter>
    <Filter Include="Header Files\application">
      <UniqueIdentifier>{7719e47b-12ee-4b05-b8b7-d7c3a81fc230}</UniqueIdentifier>
    </Filter>
    <Filter Include="Header Files\resources">
      <UniqueIdentifier>{4a62c3ec-36cd-4030-b835-fef665531575}</UniqueIdentifier>
    </Filter>
    <Filter Include="Header Files\utils">
      <UniqueIdentifier>{9d90947f-1879-45ae-bbc5-4607ed713b33}</UniqueIdentifier>
    </Filter>
    <Filter Include="Source Files\application">
      <UniqueIdentifier>{1063e517-c09f-49d2-900c-4382a4911247}</UniqueIdentifier>
    </Filter>
    <Filter Include="Source Files\rendering">
      <UniqueIdentifier>{684d10a4-125a-4d85-92ad-502569808a1e}</UniqueIdentifier>
    </Filter>
    <Filter Include="Header Files\lua-api">
      <UniqueIdentifier>{3a426d16-05d5-47d8-89eb-5841dfd2b6fc}</UniqueIdentifier>
    </Filter>
    <Filter Include="Source Files\lua-api">
      <UniqueIdentifier>{95ab90b6-b56d-4bca-a1ea-1e6c6e3b03d0}</UniqueIdentifier>
    </Filter>
  </ItemGroup>
  <ItemGroup>
    <ClInclude Include="include\cg.h">
      <Filter>Header Files</Filter>
    </ClInclude>
    <ClInclude Include="include\animations\Animator.h">
      <Filter>Header Files\animations</Filter>
    </ClInclude>
    <ClInclude Include="include\animations\FrameAnimation.h">
      <Filter>Header Files\animations</Filter>
    </ClInclude>
    <ClInclude Include="include\application\Application.h">
      <Filter>Header Files\application</Filter>
    </ClInclude>
    <ClInclude Include="include\application\Console.h">
      <Filter>Header Files\application</Filter>
    </ClInclude>
    <ClInclude Include="include\application\Event.h">
      <Filter>Header Files\application</Filter>
    </ClInclude>
    <ClInclude Include="include\application\EventManager.h">
      <Filter>Header Files\application</Filter>
    </ClInclude>
    <ClInclude Include="include\utils\Clock.h">
      <Filter>Header Files\utils</Filter>
    </ClInclude>
    <ClInclude Include="include\utils\Vec2.h">
      <Filter>Header Files\utils</Filter>
    </ClInclude>
    <ClInclude Include="include\resources\ReourceHolder.h">
      <Filter>Header Files\resources</Filter>
    </ClInclude>
    <ClInclude Include="include\rendering\Color.h">
      <Filter>Header Files\rendering</Filter>
    </ClInclude>
    <ClInclude Include="include\rendering\RenderSurface.h">
      <Filter>Header Files\rendering</Filter>
    </ClInclude>
    <ClInclude Include="include\rendering\Sprite.h">
      <Filter>Header Files\rendering</Filter>
    </ClInclude>
    <ClInclude Include="include\rendering\Texture.h">
      <Filter>Header Files\rendering</Filter>
    </ClInclude>
    <ClInclude Include="include\lua\Api.h">
      <Filter>Header Files\lua-api</Filter>
    </ClInclude>
    <ClInclude Include="include\lua\LuaApplication.h">
      <Filter>Header Files\lua-api</Filter>
    </ClInclude>
  </ItemGroup>
  <ItemGroup>
    <ClCompile Include="src\application\Application.cpp">
      <Filter>Source Files\application</Filter>
    </ClCompile>
    <ClCompile Include="src\application\Console.cpp">
      <Filter>Source Files\application</Filter>
    </ClCompile>
    <ClCompile Include="src\application\EventManager.cpp">
      <Filter>Source Files\application</Filter>
    </ClCompile>
    <ClCompile Include="src\rendering\RenderSurface.cpp">
      <Filter>Source Files\rendering</Filter>
    </ClCompile>
    <ClCompile Include="src\rendering\Texture.cpp">
      <Filter>Source Files\rendering</Filter>
    </ClCompile>
    <ClCompile Include="src\main.cpp">
      <Filter>Source Files</Filter>
    </ClCompile>
    <ClCompile Include="src\lua\LuaApplication.cpp">
      <Filter>Source Files\lua-api</Filter>
    </ClCompile>
    <ClCompile Include="src\lua\Api.cpp">
      <Filter>Source Files\lua-api</Filter>
    </ClCompile>
  </ItemGroup>
</Project>